{
   "modules" : {
      "Class::Accessor::Lite" : {
         "dist" : "Class-Accessor-Lite-0.05",
         "mymeta" : {
            "abstract" : "a minimalistic variant of Class::Accessor",
            "author" : [
               "Copyright (C) 2008 - 2010 Kazuho Oku"
            ],
            "dynamic_config" : 0,
            "generated_by" : "Module::Install version 1.00, CPAN::Meta::Converter version 2.120921",
            "license" : [
               "perl_5"
            ],
            "meta-spec" : {
               "url" : "http://search.cpan.org/perldoc?CPAN::Meta::Spec",
               "version" : "2"
            },
            "name" : "Class-Accessor-Lite",
            "no_index" : {
               "directory" : [
                  "inc",
                  "t"
               ]
            },
            "prereqs" : {
               "build" : {
                  "requires" : {
                     "ExtUtils::MakeMaker" : "6.42"
                  }
               },
               "configure" : {
                  "requires" : {
                     "ExtUtils::MakeMaker" : "6.42"
                  }
               },
               "runtime" : {
                  "requires" : {}
               }
            },
            "release_status" : "stable",
            "resources" : {
               "license" : [
                  "http://dev.perl.org/licenses/"
               ]
            },
            "version" : "0.05"
         },
         "name" : "Class::Accessor::Lite",
         "pathname" : "K/KA/KAZUHO/Class-Accessor-Lite-0.05.tar.gz",
         "provides" : {
            "Class::Accessor::Lite" : {
               "file" : "Class/Accessor/Lite.pm",
               "version" : "0.05"
            }
         },
         "target" : "Class::Accessor::Lite",
         "version" : "0.05"
      },
      "Data::Util" : {
         "dist" : "Data-Util-0.62",
         "mymeta" : {
            "abstract" : "A selection of utilities for data and data types",
            "author" : [
               "Goro Fuji(gfx) <gfuji(at)cpan.org>."
            ],
            "dynamic_config" : 0,
            "generated_by" : "Module::Install version 1.06, CPAN::Meta::Converter version 2.120921",
            "license" : [
               "perl_5"
            ],
            "meta-spec" : {
               "url" : "http://search.cpan.org/perldoc?CPAN::Meta::Spec",
               "version" : "2"
            },
            "name" : "Data-Util",
            "no_index" : {
               "directory" : [
                  "example",
                  "inc",
                  "t",
                  "xt"
               ]
            },
            "prereqs" : {
               "build" : {
                  "requires" : {
                     "Devel::PPPort" : "3.19",
                     "ExtUtils::MakeMaker" : "6.59",
                     "ExtUtils::ParseXS" : "2.21",
                     "Hash::Util::FieldHash::Compat" : "0",
                     "Scope::Guard" : "0",
                     "Test::Exception" : "0.27",
                     "Test::More" : "0.62"
                  }
               },
               "configure" : {
                  "requires" : {
                     "Devel::PPPort" : "3.19",
                     "ExtUtils::MakeMaker" : "6.59",
                     "ExtUtils::ParseXS" : "2.21"
                  }
               },
               "runtime" : {
                  "requires" : {
                     "XSLoader" : "0.02",
                     "perl" : "5.008001"
                  }
               }
            },
            "release_status" : "stable",
            "resources" : {
               "license" : [
                  "http://dev.perl.org/licenses/"
               ],
               "repository" : {
                  "type" : "git",
                  "url" : "git://github.com/gfx/Perl-Data-Util.git"
               }
            },
            "version" : "0.62",
            "x_module_name" : "Data::Util"
         },
         "name" : "Data::Util",
         "pathname" : "G/GF/GFUJI/Data-Util-0.62.tar.gz",
         "provides" : {
            "Data::Util" : {
               "file" : "Data/Util.pm",
               "version" : "0.62"
            },
            "Data::Util::Error" : {
               "file" : "Data/Util/Error.pm"
            },
            "Data::Util::PurePerl" : {
               "file" : "Data/Util/PurePerl.pm"
            }
         },
         "target" : "Data::Util",
         "version" : "0.62"
      },
      "Hash::Util::FieldHash::Compat" : {
         "dist" : "Hash-Util-FieldHash-Compat-0.03",
         "mymeta" : {
            "abstract" : "unknown",
            "author" : [
               "unknown"
            ],
            "dynamic_config" : 0,
            "generated_by" : "ExtUtils::MakeMaker version 6.44, CPAN::Meta::Converter version 2.120921",
            "license" : [
               "unknown"
            ],
            "meta-spec" : {
               "url" : "http://search.cpan.org/perldoc?CPAN::Meta::Spec",
               "version" : "2"
            },
            "name" : "Hash-Util-FieldHash-Compat",
            "prereqs" : {
               "build" : {
                  "requires" : {
                     "ExtUtils::MakeMaker" : "0"
                  }
               },
               "runtime" : {
                  "requires" : {
                     "Test::use::ok" : "0"
                  }
               }
            },
            "release_status" : "stable",
            "version" : "0.03"
         },
         "name" : "Hash::Util::FieldHash::Compat",
         "pathname" : "N/NU/NUFFIN/Hash-Util-FieldHash-Compat-0.03.tar.gz",
         "provides" : {
            "Hash::Util::FieldHash::Compat" : {
               "file" : "Hash/Util/FieldHash/Compat.pm",
               "version" : "0.03"
            },
            "Hash::Util::FieldHash::Compat::Destroyer" : {
               "file" : "Hash/Util/FieldHash/Compat/Heavy.pm"
            },
            "Hash::Util::FieldHash::Compat::Tie::FieldHash" : {
               "file" : "Hash/Util/FieldHash/Compat/Heavy.pm"
            },
            "Hash::Util::FieldHash::Compat::Tie::IdHash" : {
               "file" : "Hash/Util/FieldHash/Compat/Heavy.pm"
            }
         },
         "target" : "Hash::Util::FieldHash::Compat",
         "version" : "0.03"
      },
      "List::MoreUtils" : {
         "dist" : "List-MoreUtils-0.33",
         "mymeta" : {
            "abstract" : "Provide the stuff missing in List::Util",
            "author" : [
               "Tassilo von Parseval <tassilo.von.parseval@rwth-aachen.de>"
            ],
            "dynamic_config" : 0,
            "generated_by" : "ExtUtils::MakeMaker version 6.56, CPAN::Meta::Converter version 2.120921",
            "license" : [
               "perl_5"
            ],
            "meta-spec" : {
               "url" : "http://search.cpan.org/perldoc?CPAN::Meta::Spec",
               "version" : "2"
            },
            "name" : "List-MoreUtils",
            "no_index" : {
               "directory" : [
                  "t",
                  "inc"
               ]
            },
            "prereqs" : {
               "build" : {
                  "requires" : {
                     "Test::More" : "0.42"
                  }
               },
               "configure" : {
                  "requires" : {
                     "ExtUtils::CBuilder" : "0.27",
                     "ExtUtils::MakeMaker" : "6.52"
                  }
               },
               "runtime" : {
                  "requires" : {
                     "Test::More" : "0.82",
                     "perl" : "5.00503"
                  }
               }
            },
            "release_status" : "stable",
            "version" : "0.33"
         },
         "name" : "List::MoreUtils",
         "pathname" : "A/AD/ADAMK/List-MoreUtils-0.33.tar.gz",
         "provides" : {
            "List::MoreUtils" : {
               "file" : "List/MoreUtils.pm",
               "version" : "0.33"
            }
         },
         "target" : "List::MoreUtils",
         "version" : "0.33"
      },
      "Router::Simple" : {
         "dist" : "Router-Simple-0.14",
         "mymeta" : {
            "abstract" : "simple HTTP router",
            "author" : [
               "Tokuhiro Matsuno E<lt>tokuhirom AAJKLFJEF@ GMAIL COME<gt>"
            ],
            "dynamic_config" : 0,
            "generated_by" : "Module::Build version 0.4003, CPAN::Meta::Converter version 2.120921",
            "license" : [
               "perl_5"
            ],
            "meta-spec" : {
               "url" : "http://search.cpan.org/perldoc?CPAN::Meta::Spec",
               "version" : "2"
            },
            "name" : "Router-Simple",
            "no_index" : {
               "directory" : [
                  "inc",
                  "t",
                  "xt"
               ]
            },
            "prereqs" : {
               "build" : {
                  "requires" : {
                     "Test::More" : "0.98"
                  }
               },
               "configure" : {
                  "requires" : {
                     "Module::Build" : "0.38"
                  }
               },
               "runtime" : {
                  "requires" : {
                     "Class::Accessor::Lite" : "0.05",
                     "List::Util" : "0",
                     "Test::More" : "0.88",
                     "parent" : "0",
                     "perl" : "5.00800"
                  }
               }
            },
            "provides" : {
               "Router::Simple" : {
                  "file" : "lib/Router/Simple.pm",
                  "version" : "0.14"
               },
               "Router::Simple::Declare" : {
                  "file" : "lib/Router/Simple/Declare.pm",
                  "version" : "0"
               },
               "Router::Simple::Route" : {
                  "file" : "lib/Router/Simple/Route.pm",
                  "version" : "0"
               },
               "Router::Simple::SubMapper" : {
                  "file" : "lib/Router/Simple/SubMapper.pm",
                  "version" : "0"
               }
            },
            "release_status" : "stable",
            "resources" : {
               "license" : [
                  "http://dev.perl.org/licenses/"
               ]
            },
            "version" : "0.14"
         },
         "name" : "Router::Simple",
         "pathname" : "T/TO/TOKUHIROM/Router-Simple-0.14.tar.gz",
         "provides" : {
            "Router::Simple" : {
               "file" : "Router/Simple.pm",
               "version" : "0.14"
            },
            "Router::Simple::Declare" : {
               "file" : "Router/Simple/Declare.pm"
            },
            "Router::Simple::Route" : {
               "file" : "Router/Simple/Route.pm"
            },
            "Router::Simple::SubMapper" : {
               "file" : "Router/Simple/SubMapper.pm"
            }
         },
         "target" : "Router::Simple",
         "version" : "0.14"
      },
      "Scope::Guard" : {
         "dist" : "Scope-Guard-0.20",
         "mymeta" : {
            "abstract" : "lexically-scoped resource management",
            "author" : [
               "chocolateboy <chocolate@cpan.org>"
            ],
            "dynamic_config" : 0,
            "generated_by" : "ExtUtils::MakeMaker version 6.56, CPAN::Meta::Converter version 2.120921",
            "license" : [
               "perl_5"
            ],
            "meta-spec" : {
               "url" : "http://search.cpan.org/perldoc?CPAN::Meta::Spec",
               "version" : "2"
            },
            "name" : "Scope-Guard",
            "no_index" : {
               "directory" : [
                  "t",
                  "inc"
               ]
            },
            "prereqs" : {
               "build" : {
                  "requires" : {
                     "Test::More" : "0"
                  }
               },
               "configure" : {
                  "requires" : {
                     "ExtUtils::MakeMaker" : "0"
                  }
               },
               "runtime" : {
                  "requires" : {
                     "perl" : "5.006001"
                  }
               }
            },
            "release_status" : "stable",
            "version" : "0.20"
         },
         "name" : "Scope::Guard",
         "pathname" : "C/CH/CHOCOLATE/Scope-Guard-0.20.tar.gz",
         "provides" : {
            "Scope::Guard" : {
               "file" : "Scope/Guard.pm",
               "version" : "0.20"
            }
         },
         "target" : "Scope::Guard",
         "version" : "0.20"
      },
      "Sub::Uplevel" : {
         "dist" : "Sub-Uplevel-0.24",
         "mymeta" : {
            "abstract" : "apparently run a function in a higher stack frame",
            "author" : [
               "Michael Schwern <mschwern@cpan.org>",
               "David Golden <dagolden@cpan.org>"
            ],
            "dynamic_config" : 0,
            "generated_by" : "Dist::Zilla version 4.300005, CPAN::Meta::Converter version 2.112621, CPAN::Meta::Converter version 2.120921",
            "license" : [
               "perl_5"
            ],
            "meta-spec" : {
               "url" : "http://search.cpan.org/perldoc?CPAN::Meta::Spec",
               "version" : "2"
            },
            "name" : "Sub-Uplevel",
            "no_index" : {
               "directory" : [
                  "t",
                  "xt",
                  "examples",
                  "corpus"
               ],
               "package" : [
                  "DB"
               ]
            },
            "prereqs" : {
               "build" : {
                  "requires" : {
                     "Exporter" : "0",
                     "File::Find" : "0",
                     "File::Temp" : "0",
                     "Test::More" : "0"
                  }
               },
               "configure" : {
                  "requires" : {
                     "ExtUtils::MakeMaker" : "6.30"
                  }
               },
               "runtime" : {
                  "requires" : {
                     "Carp" : "0",
                     "constant" : "0",
                     "strict" : "0",
                     "warnings" : "0"
                  }
               },
               "test" : {
                  "requires" : {
                     "Exporter" : "0",
                     "File::Find" : "0",
                     "File::Temp" : "0",
                     "Test::More" : "0"
                  }
               }
            },
            "provides" : {
               "Sub::Uplevel" : {
                  "file" : "lib/Sub/Uplevel.pm",
                  "version" : "0.24"
               }
            },
            "release_status" : "stable",
            "resources" : {
               "bugtracker" : {
                  "mailto" : "bug-sub-uplevel at rt.cpan.org",
                  "web" : "http://rt.cpan.org/Public/Dist/Display.html?Name=Sub-Uplevel"
               },
               "homepage" : "https://github.com/dagolden/sub-uplevel",
               "repository" : {
                  "type" : "git",
                  "url" : "https://github.com/dagolden/sub-uplevel.git",
                  "web" : "https://github.com/dagolden/sub-uplevel"
               }
            },
            "version" : "0.24"
         },
         "name" : "Sub::Uplevel",
         "pathname" : "D/DA/DAGOLDEN/Sub-Uplevel-0.24.tar.gz",
         "provides" : {
            "Sub::Uplevel" : {
               "file" : "Sub/Uplevel.pm",
               "version" : "0.24"
            }
         },
         "target" : "Sub::Uplevel",
         "version" : "0.24"
      },
      "Test::Exception" : {
         "dist" : "Test-Exception-0.32",
         "mymeta" : {
            "abstract" : "Test exception based code",
            "author" : [
               "Adrian Howard <adrianh@quietstars.com>"
            ],
            "dynamic_config" : 0,
            "generated_by" : "Module::Build version 0.4003, CPAN::Meta::Converter version 2.120921",
            "license" : [
               "perl_5"
            ],
            "meta-spec" : {
               "url" : "http://search.cpan.org/perldoc?CPAN::Meta::Spec",
               "version" : "2"
            },
            "name" : "Test-Exception",
            "prereqs" : {
               "configure" : {
                  "requires" : {
                     "Module::Build" : "0.38"
                  }
               },
               "runtime" : {
                  "requires" : {
                     "Sub::Uplevel" : "0.18",
                     "Test::Builder" : "0.7",
                     "Test::Builder::Tester" : "1.07",
                     "Test::Harness" : "2.03",
                     "Test::More" : "0.7",
                     "Test::Simple" : "0.7"
                  }
               }
            },
            "provides" : {
               "Test::Exception" : {
                  "file" : "lib/Test/Exception.pm",
                  "version" : "0.32"
               }
            },
            "release_status" : "stable",
            "resources" : {
               "license" : [
                  "http://dev.perl.org/licenses/"
               ]
            },
            "version" : "0.32"
         },
         "name" : "Test::Exception",
         "pathname" : "A/AD/ADIE/Test-Exception-0.32.tar.gz",
         "provides" : {
            "Test::Exception" : {
               "file" : "Test/Exception.pm",
               "version" : "0.32"
            }
         },
         "target" : "Test::Exception",
         "version" : "0.32"
      },
      "Test::use::ok" : {
         "dist" : "Test-use-ok-0.11",
         "mymeta" : {
            "abstract" : "Alternative to Test::More::use_ok",
            "author" : [
               "unknown"
            ],
            "dynamic_config" : 0,
            "generated_by" : "Module::Install version 1.06, CPAN::Meta::Converter version 2.120921",
            "license" : [
               "unrestricted"
            ],
            "meta-spec" : {
               "url" : "http://search.cpan.org/perldoc?CPAN::Meta::Spec",
               "version" : "2"
            },
            "name" : "Test-use-ok",
            "no_index" : {
               "directory" : [
                  "inc",
                  "t"
               ]
            },
            "prereqs" : {
               "build" : {
                  "requires" : {
                     "ExtUtils::MakeMaker" : "6.36"
                  }
               },
               "configure" : {
                  "requires" : {
                     "ExtUtils::MakeMaker" : "6.36"
                  }
               },
               "runtime" : {
                  "requires" : {
                     "perl" : "5.005"
                  }
               }
            },
            "release_status" : "stable",
            "resources" : {
               "homepage" : "http://github.com/audreyt/Test-use-ok/tree"
            },
            "version" : "0.10",
            "x_module_name" : "Test::use::ok"
         },
         "name" : "Test::use::ok",
         "pathname" : "A/AU/AUDREYT/Test-use-ok-0.11.tar.gz",
         "provides" : {
            "Test::use::ok" : {
               "file" : "Test/use/ok.pm",
               "version" : "0.11"
            },
            "ok" : {
               "file" : "ok.pm",
               "version" : "0.11"
            }
         },
         "target" : "Test::use::ok",
         "version" : "0.11"
      },
      "common::sense" : {
         "dist" : "common-sense-3.6",
         "mymeta" : {
            "abstract" : "unknown",
            "author" : [
               "unknown"
            ],
            "dynamic_config" : 0,
            "generated_by" : "ExtUtils::MakeMaker version 6.62, CPAN::Meta::Converter version 2.112150, CPAN::Meta::Converter version 2.120921",
            "license" : [
               "unknown"
            ],
            "meta-spec" : {
               "url" : "http://search.cpan.org/perldoc?CPAN::Meta::Spec",
               "version" : "2"
            },
            "name" : "common-sense",
            "no_index" : {
               "directory" : [
                  "t",
                  "inc"
               ]
            },
            "prereqs" : {
               "build" : {
                  "requires" : {
                     "ExtUtils::MakeMaker" : "0"
                  }
               },
               "configure" : {
                  "requires" : {
                     "ExtUtils::MakeMaker" : "0"
                  }
               },
               "runtime" : {
                  "requires" : {}
               }
            },
            "release_status" : "stable",
            "version" : "3.6"
         },
         "name" : "common::sense",
         "pathname" : "M/ML/MLEHMANN/common-sense-3.6.tar.gz",
         "provides" : {
            "common::sense" : {
               "file" : "common/sense.pm",
               "version" : "3.6"
            }
         },
         "target" : "common::sense",
         "version" : "3.6"
      }
   },
   "version" : "0.9"
}
